// !$*UTF8*$!
{
	archiveVersion = 1;
	classes = {
	};
	objectVersion = 46;
	objects = {

/* Begin PBXBuildFile section */
		8E3D07BE1B05775D0077D7FD /* main.m in Sources */ = {isa = PBXBuildFile; fileRef = 8E3D07BD1B05775D0077D7FD /* main.m */; };
		8E3D07C11B05775D0077D7FD /* AppDelegate.m in Sources */ = {isa = PBXBuildFile; fileRef = 8E3D07C01B05775D0077D7FD /* AppDelegate.m */; };
		8E3D07C41B05775D0077D7FD /* ViewController.m in Sources */ = {isa = PBXBuildFile; fileRef = 8E3D07C31B05775D0077D7FD /* ViewController.m */; };
		8E3D07C71B05775D0077D7FD /* Main.storyboard in Resources */ = {isa = PBXBuildFile; fileRef = 8E3D07C51B05775D0077D7FD /* Main.storyboard */; };
		8E3D07C91B05775D0077D7FD /* Images.xcassets in Resources */ = {isa = PBXBuildFile; fileRef = 8E3D07C81B05775D0077D7FD /* Images.xcassets */; };
		8E3D07CC1B05775D0077D7FD /* LaunchScreen.xib in Resources */ = {isa = PBXBuildFile; fileRef = 8E3D07CA1B05775D0077D7FD /* LaunchScreen.xib */; };
		8E3D07D81B05775D0077D7FD /* OyeKiddoColorGameTests.m in Sources */ = {isa = PBXBuildFile; fileRef = 8E3D07D71B05775D0077D7FD /* OyeKiddoColorGameTests.m */; };
		8E3D07F51B0578570077D7FD /* UIKit.framework in Frameworks */ = {isa = PBXBuildFile; fileRef = 8E3D07F41B0578570077D7FD /* UIKit.framework */; };
		8E3D07F71B0578610077D7FD /* SystemConfiguration.framework in Frameworks */ = {isa = PBXBuildFile; fileRef = 8E3D07F61B0578610077D7FD /* SystemConfiguration.framework */; };
		8E3D07F91B0578700077D7FD /* SpeechKit.framework in Frameworks */ = {isa = PBXBuildFile; fileRef = 8E3D07F81B0578700077D7FD /* SpeechKit.framework */; };
		8E3D07FB1B05787B0077D7FD /* Security.framework in Frameworks */ = {isa = PBXBuildFile; fileRef = 8E3D07FA1B05787B0077D7FD /* Security.framework */; };
		8E3D07FD1B0578820077D7FD /* Foundation.framework in Frameworks */ = {isa = PBXBuildFile; fileRef = 8E3D07FC1B0578820077D7FD /* Foundation.framework */; };
		8E3D07FF1B05788A0077D7FD /* CoreGraphics.framework in Frameworks */ = {isa = PBXBuildFile; fileRef = 8E3D07FE1B05788A0077D7FD /* CoreGraphics.framework */; };
		8E3D08011B0578970077D7FD /* CFNetwork.framework in Frameworks */ = {isa = PBXBuildFile; fileRef = 8E3D08001B0578970077D7FD /* CFNetwork.framework */; };
		8E3D08031B05789F0077D7FD /* AVFoundation.framework in Frameworks */ = {isa = PBXBuildFile; fileRef = 8E3D08021B05789F0077D7FD /* AVFoundation.framework */; };
		8E3D08051B0578A60077D7FD /* AudioToolbox.framework in Frameworks */ = {isa = PBXBuildFile; fileRef = 8E3D08041B0578A60077D7FD /* AudioToolbox.framework */; };
		8E57BACB1B0BF1F700E1B96C /* PlayViewController.m in Sources */ = {isa = PBXBuildFile; fileRef = 8E57BACA1B0BF1F700E1B96C /* PlayViewController.m */; };
		8E57BAD11B0C095300E1B96C /* Word.m in Sources */ = {isa = PBXBuildFile; fileRef = 8E57BAD01B0C095300E1B96C /* Word.m */; };
		8E5FCA811B0AB25000B54DA3 /* SpriteKit.framework in Frameworks */ = {isa = PBXBuildFile; fileRef = 8E5FCA801B0AB25000B54DA3 /* SpriteKit.framework */; };
		8E5FCA891B0B040400B54DA3 /* TrainViewController.m in Sources */ = {isa = PBXBuildFile; fileRef = 8E5FCA881B0B040400B54DA3 /* TrainViewController.m */; };
		8E5FCA8C1B0B048600B54DA3 /* WordScene.m in Sources */ = {isa = PBXBuildFile; fileRef = 8E5FCA8B1B0B048600B54DA3 /* WordScene.m */; };
		8E8133F21B101F2400C026D5 /* canYouTellMe.wav in Resources */ = {isa = PBXBuildFile; fileRef = 8E8133D91B101F2400C026D5 /* canYouTellMe.wav */; };
		8E8133F31B101F2400C026D5 /* canYouTellMe2.wav in Resources */ = {isa = PBXBuildFile; fileRef = 8E8133DA1B101F2400C026D5 /* canYouTellMe2.wav */; };
		8E8133F41B101F2400C026D5 /* didntgethara.wav in Resources */ = {isa = PBXBuildFile; fileRef = 8E8133DB1B101F2400C026D5 /* didntgethara.wav */; };
		8E8133F51B101F2400C026D5 /* didntgetkala.wav in Resources */ = {isa = PBXBuildFile; fileRef = 8E8133DC1B101F2400C026D5 /* didntgetkala.wav */; };
		8E8133F61B101F2400C026D5 /* didntgetlaal.wav in Resources */ = {isa = PBXBuildFile; fileRef = 8E8133DD1B101F2400C026D5 /* didntgetlaal.wav */; };
		8E8133F71B101F2400C026D5 /* didntgetneela.wav in Resources */ = {isa = PBXBuildFile; fileRef = 8E8133DE1B101F2400C026D5 /* didntgetneela.wav */; };
		8E8133F81B101F2400C026D5 /* didntgetpeela.wav in Resources */ = {isa = PBXBuildFile; fileRef = 8E8133DF1B101F2400C026D5 /* didntgetpeela.wav */; };
		8E8133F91B101F2400C026D5 /* didntgetsafed.wav in Resources */ = {isa = PBXBuildFile; fileRef = 8E8133E01B101F2400C026D5 /* didntgetsafed.wav */; };
		8E8133FA1B101F2400C026D5 /* hara.wav in Resources */ = {isa = PBXBuildFile; fileRef = 8E8133E11B101F2400C026D5 /* hara.wav */; };
		8E8133FB1B101F2400C026D5 /* kala.wav in Resources */ = {isa = PBXBuildFile; fileRef = 8E8133E21B101F2400C026D5 /* kala.wav */; };
		8E8133FC1B101F2400C026D5 /* kala2.wav in Resources */ = {isa = PBXBuildFile; fileRef = 8E8133E31B101F2400C026D5 /* kala2.wav */; };
		8E8133FD1B101F2400C026D5 /* laal.wav in Resources */ = {isa = PBXBuildFile; fileRef = 8E8133E41B101F2400C026D5 /* laal.wav */; };
		8E8133FE1B101F2400C026D5 /* neela.wav in Resources */ = {isa = PBXBuildFile; fileRef = 8E8133E51B101F2400C026D5 /* neela.wav */; };
		8E8133FF1B101F2400C026D5 /* peela2.wav in Resources */ = {isa = PBXBuildFile; fileRef = 8E8133E61B101F2400C026D5 /* peela2.wav */; };
		8E8134001B101F2400C026D5 /* right.wav in Resources */ = {isa = PBXBuildFile; fileRef = 8E8133E71B101F2400C026D5 /* right.wav */; };
		8E8134011B101F2400C026D5 /* right2.wav in Resources */ = {isa = PBXBuildFile; fileRef = 8E8133E81B101F2400C026D5 /* right2.wav */; };
		8E8134021B101F2400C026D5 /* right3.wav in Resources */ = {isa = PBXBuildFile; fileRef = 8E8133E91B101F2400C026D5 /* right3.wav */; };
		8E8134031B101F2400C026D5 /* right4.wav in Resources */ = {isa = PBXBuildFile; fileRef = 8E8133EA1B101F2400C026D5 /* right4.wav */; };
		8E8134041B101F2400C026D5 /* safed.wav in Resources */ = {isa = PBXBuildFile; fileRef = 8E8133EB1B101F2400C026D5 /* safed.wav */; };
		8E8134051B101F2400C026D5 /* wronghara.wav in Resources */ = {isa = PBXBuildFile; fileRef = 8E8133EC1B101F2400C026D5 /* wronghara.wav */; };
		8E8134061B101F2400C026D5 /* wrongkaala.wav in Resources */ = {isa = PBXBuildFile; fileRef = 8E8133ED1B101F2400C026D5 /* wrongkaala.wav */; };
		8E8134071B101F2400C026D5 /* wronglaal.wav in Resources */ = {isa = PBXBuildFile; fileRef = 8E8133EE1B101F2400C026D5 /* wronglaal.wav */; };
		8E8134081B101F2400C026D5 /* wrongneela.wav in Resources */ = {isa = PBXBuildFile; fileRef = 8E8133EF1B101F2400C026D5 /* wrongneela.wav */; };
		8E8134091B101F2400C026D5 /* wrongpeela.wav in Resources */ = {isa = PBXBuildFile; fileRef = 8E8133F01B101F2400C026D5 /* wrongpeela.wav */; };
		8E81340A1B101F2400C026D5 /* wrongsafed.wav in Resources */ = {isa = PBXBuildFile; fileRef = 8E8133F11B101F2400C026D5 /* wrongsafed.wav */; };
		8E8134101B13E44100C026D5 /* GameData.m in Sources */ = {isa = PBXBuildFile; fileRef = 8E81340F1B13E44100C026D5 /* GameData.m */; };
/* End PBXBuildFile section */

/* Begin PBXContainerItemProxy section */
		8E3D07D21B05775D0077D7FD /* PBXContainerItemProxy */ = {
			isa = PBXContainerItemProxy;
			containerPortal = 8E3D07B01B05775D0077D7FD /* Project object */;
			proxyType = 1;
			remoteGlobalIDString = 8E3D07B71B05775D0077D7FD;
			remoteInfo = OyeKiddoColorGame;
		};
/* End PBXContainerItemProxy section */

/* Begin PBXFileReference section */
		8E3D07B81B05775D0077D7FD /* OyeKiddoColorGame.app */ = {isa = PBXFileReference; explicitFileType = wrapper.application; includeInIndex = 0; path = OyeKiddoColorGame.app; sourceTree = BUILT_PRODUCTS_DIR; };
		8E3D07BC1B05775D0077D7FD /* info.plist */ = {isa = PBXFileReference; lastKnownFileType = text.plist.xml; path = info.plist; sourceTree = "<group>"; };
		8E3D07BD1B05775D0077D7FD /* main.m */ = {isa = PBXFileReference; lastKnownFileType = sourcecode.c.objc; path = main.m; sourceTree = "<group>"; };
		8E3D07BF1B05775D0077D7FD /* AppDelegate.h */ = {isa = PBXFileReference; lastKnownFileType = sourcecode.c.h; path = AppDelegate.h; sourceTree = "<group>"; };
		8E3D07C01B05775D0077D7FD /* AppDelegate.m */ = {isa = PBXFileReference; lastKnownFileType = sourcecode.c.objc; path = AppDelegate.m; sourceTree = "<group>"; };
		8E3D07C21B05775D0077D7FD /* ViewController.h */ = {isa = PBXFileReference; lastKnownFileType = sourcecode.c.h; path = ViewController.h; sourceTree = "<group>"; };
		8E3D07C31B05775D0077D7FD /* ViewController.m */ = {isa = PBXFileReference; lastKnownFileType = sourcecode.c.objc; path = ViewController.m; sourceTree = "<group>"; };
		8E3D07C61B05775D0077D7FD /* Base */ = {isa = PBXFileReference; lastKnownFileType = file.storyboard; name = Base; path = Base.lproj/Main.storyboard; sourceTree = "<group>"; };
		8E3D07C81B05775D0077D7FD /* Images.xcassets */ = {isa = PBXFileReference; lastKnownFileType = folder.assetcatalog; path = Images.xcassets; sourceTree = "<group>"; };
		8E3D07CB1B05775D0077D7FD /* Base */ = {isa = PBXFileReference; lastKnownFileType = file.xib; name = Base; path = Base.lproj/LaunchScreen.xib; sourceTree = "<group>"; };
		8E3D07D11B05775D0077D7FD /* OyeKiddoColorGameTests.xctest */ = {isa = PBXFileReference; explicitFileType = wrapper.cfbundle; includeInIndex = 0; path = OyeKiddoColorGameTests.xctest; sourceTree = BUILT_PRODUCTS_DIR; };
		8E3D07D61B05775D0077D7FD /* Info.plist */ = {isa = PBXFileReference; lastKnownFileType = text.plist.xml; path = Info.plist; sourceTree = "<group>"; };
		8E3D07D71B05775D0077D7FD /* OyeKiddoColorGameTests.m */ = {isa = PBXFileReference; lastKnownFileType = sourcecode.c.objc; path = OyeKiddoColorGameTests.m; sourceTree = "<group>"; };
		8E3D07F41B0578570077D7FD /* UIKit.framework */ = {isa = PBXFileReference; lastKnownFileType = wrapper.framework; name = UIKit.framework; path = System/Library/Frameworks/UIKit.framework; sourceTree = SDKROOT; };
		8E3D07F61B0578610077D7FD /* SystemConfiguration.framework */ = {isa = PBXFileReference; lastKnownFileType = wrapper.framework; name = SystemConfiguration.framework; path = System/Library/Frameworks/SystemConfiguration.framework; sourceTree = SDKROOT; };
		8E3D07F81B0578700077D7FD /* SpeechKit.framework */ = {isa = PBXFileReference; lastKnownFileType = wrapper.framework; name = SpeechKit.framework; path = ../DragonMobileSDK_1.4.14/SpeechKit.framework; sourceTree = "<group>"; };
		8E3D07FA1B05787B0077D7FD /* Security.framework */ = {isa = PBXFileReference; lastKnownFileType = wrapper.framework; name = Security.framework; path = System/Library/Frameworks/Security.framework; sourceTree = SDKROOT; };
		8E3D07FC1B0578820077D7FD /* Foundation.framework */ = {isa = PBXFileReference; lastKnownFileType = wrapper.framework; name = Foundation.framework; path = System/Library/Frameworks/Foundation.framework; sourceTree = SDKROOT; };
		8E3D07FE1B05788A0077D7FD /* CoreGraphics.framework */ = {isa = PBXFileReference; lastKnownFileType = wrapper.framework; name = CoreGraphics.framework; path = System/Library/Frameworks/CoreGraphics.framework; sourceTree = SDKROOT; };
		8E3D08001B0578970077D7FD /* CFNetwork.framework */ = {isa = PBXFileReference; lastKnownFileType = wrapper.framework; name = CFNetwork.framework; path = System/Library/Frameworks/CFNetwork.framework; sourceTree = SDKROOT; };
		8E3D08021B05789F0077D7FD /* AVFoundation.framework */ = {isa = PBXFileReference; lastKnownFileType = wrapper.framework; name = AVFoundation.framework; path = System/Library/Frameworks/AVFoundation.framework; sourceTree = SDKROOT; };
		8E3D08041B0578A60077D7FD /* AudioToolbox.framework */ = {isa = PBXFileReference; lastKnownFileType = wrapper.framework; name = AudioToolbox.framework; path = System/Library/Frameworks/AudioToolbox.framework; sourceTree = SDKROOT; };
		8E57BAC91B0BF1F700E1B96C /* PlayViewController.h */ = {isa = PBXFileReference; fileEncoding = 4; lastKnownFileType = sourcecode.c.h; path = PlayViewController.h; sourceTree = "<group>"; };
		8E57BACA1B0BF1F700E1B96C /* PlayViewController.m */ = {isa = PBXFileReference; fileEncoding = 4; lastKnownFileType = sourcecode.c.objc; path = PlayViewController.m; sourceTree = "<group>"; };
		8E57BACF1B0C095300E1B96C /* Word.h */ = {isa = PBXFileReference; fileEncoding = 4; lastKnownFileType = sourcecode.c.h; path = Word.h; sourceTree = "<group>"; };
		8E57BAD01B0C095300E1B96C /* Word.m */ = {isa = PBXFileReference; fileEncoding = 4; lastKnownFileType = sourcecode.c.objc; path = Word.m; sourceTree = "<group>"; };
		8E5FCA801B0AB25000B54DA3 /* SpriteKit.framework */ = {isa = PBXFileReference; lastKnownFileType = wrapper.framework; name = SpriteKit.framework; path = System/Library/Frameworks/SpriteKit.framework; sourceTree = SDKROOT; };
		8E5FCA871B0B040400B54DA3 /* TrainViewController.h */ = {isa = PBXFileReference; fileEncoding = 4; lastKnownFileType = sourcecode.c.h; path = TrainViewController.h; sourceTree = "<group>"; };
		8E5FCA881B0B040400B54DA3 /* TrainViewController.m */ = {isa = PBXFileReference; fileEncoding = 4; lastKnownFileType = sourcecode.c.objc; path = TrainViewController.m; sourceTree = "<group>"; };
		8E5FCA8A1B0B048600B54DA3 /* WordScene.h */ = {isa = PBXFileReference; fileEncoding = 4; lastKnownFileType = sourcecode.c.h; path = WordScene.h; sourceTree = "<group>"; };
		8E5FCA8B1B0B048600B54DA3 /* WordScene.m */ = {isa = PBXFileReference; fileEncoding = 4; lastKnownFileType = sourcecode.c.objc; path = WordScene.m; sourceTree = "<group>"; };
		8E6984A41B06C71200942049 /* OyeKiddoColorGame-Bridging-Header.h */ = {isa = PBXFileReference; lastKnownFileType = sourcecode.c.h; path = "OyeKiddoColorGame-Bridging-Header.h"; sourceTree = "<group>"; };
		8E8133D91B101F2400C026D5 /* canYouTellMe.wav */ = {isa = PBXFileReference; lastKnownFileType = audio.wav; name = canYouTellMe.wav; path = Audio/canYouTellMe.wav; sourceTree = "<group>"; };
		8E8133DA1B101F2400C026D5 /* canYouTellMe2.wav */ = {isa = PBXFileReference; lastKnownFileType = audio.wav; name = canYouTellMe2.wav; path = Audio/canYouTellMe2.wav; sourceTree = "<group>"; };
		8E8133DB1B101F2400C026D5 /* didntgethara.wav */ = {isa = PBXFileReference; lastKnownFileType = audio.wav; name = didntgethara.wav; path = Audio/didntgethara.wav; sourceTree = "<group>"; };
		8E8133DC1B101F2400C026D5 /* didntgetkala.wav */ = {isa = PBXFileReference; lastKnownFileType = audio.wav; name = didntgetkala.wav; path = Audio/didntgetkala.wav; sourceTree = "<group>"; };
		8E8133DD1B101F2400C026D5 /* didntgetlaal.wav */ = {isa = PBXFileReference; lastKnownFileType = audio.wav; name = didntgetlaal.wav; path = Audio/didntgetlaal.wav; sourceTree = "<group>"; };
		8E8133DE1B101F2400C026D5 /* didntgetneela.wav */ = {isa = PBXFileReference; lastKnownFileType = audio.wav; name = didntgetneela.wav; path = Audio/didntgetneela.wav; sourceTree = "<group>"; };
		8E8133DF1B101F2400C026D5 /* didntgetpeela.wav */ = {isa = PBXFileReference; lastKnownFileType = audio.wav; name = didntgetpeela.wav; path = Audio/didntgetpeela.wav; sourceTree = "<group>"; };
		8E8133E01B101F2400C026D5 /* didntgetsafed.wav */ = {isa = PBXFileReference; lastKnownFileType = audio.wav; name = didntgetsafed.wav; path = Audio/didntgetsafed.wav; sourceTree = "<group>"; };
		8E8133E11B101F2400C026D5 /* hara.wav */ = {isa = PBXFileReference; lastKnownFileType = audio.wav; name = hara.wav; path = Audio/hara.wav; sourceTree = "<group>"; };
		8E8133E21B101F2400C026D5 /* kala.wav */ = {isa = PBXFileReference; lastKnownFileType = audio.wav; name = kala.wav; path = Audio/kala.wav; sourceTree = "<group>"; };
		8E8133E31B101F2400C026D5 /* kala2.wav */ = {isa = PBXFileReference; lastKnownFileType = audio.wav; name = kala2.wav; path = Audio/kala2.wav; sourceTree = "<group>"; };
		8E8133E41B101F2400C026D5 /* laal.wav */ = {isa = PBXFileReference; lastKnownFileType = audio.wav; name = laal.wav; path = Audio/laal.wav; sourceTree = "<group>"; };
		8E8133E51B101F2400C026D5 /* neela.wav */ = {isa = PBXFileReference; lastKnownFileType = audio.wav; name = neela.wav; path = Audio/neela.wav; sourceTree = "<group>"; };
		8E8133E61B101F2400C026D5 /* peela2.wav */ = {isa = PBXFileReference; lastKnownFileType = audio.wav; name = peela2.wav; path = Audio/peela2.wav; sourceTree = "<group>"; };
		8E8133E71B101F2400C026D5 /* right.wav */ = {isa = PBXFileReference; lastKnownFileType = audio.wav; name = right.wav; path = Audio/right.wav; sourceTree = "<group>"; };
		8E8133E81B101F2400C026D5 /* right2.wav */ = {isa = PBXFileReference; lastKnownFileType = audio.wav; name = right2.wav; path = Audio/right2.wav; sourceTree = "<group>"; };
		8E8133E91B101F2400C026D5 /* right3.wav */ = {isa = PBXFileReference; lastKnownFileType = audio.wav; name = right3.wav; path = Audio/right3.wav; sourceTree = "<group>"; };
		8E8133EA1B101F2400C026D5 /* right4.wav */ = {isa = PBXFileReference; lastKnownFileType = audio.wav; name = right4.wav; path = Audio/right4.wav; sourceTree = "<group>"; };
		8E8133EB1B101F2400C026D5 /* safed.wav */ = {isa = PBXFileReference; lastKnownFileType = audio.wav; name = safed.wav; path = Audio/safed.wav; sourceTree = "<group>"; };
		8E8133EC1B101F2400C026D5 /* wronghara.wav */ = {isa = PBXFileReference; lastKnownFileType = audio.wav; name = wronghara.wav; path = Audio/wronghara.wav; sourceTree = "<group>"; };
		8E8133ED1B101F2400C026D5 /* wrongkaala.wav */ = {isa = PBXFileReference; lastKnownFileType = audio.wav; name = wrongkaala.wav; path = Audio/wrongkaala.wav; sourceTree = "<group>"; };
		8E8133EE1B101F2400C026D5 /* wronglaal.wav */ = {isa = PBXFileReference; lastKnownFileType = audio.wav; name = wronglaal.wav; path = Audio/wronglaal.wav; sourceTree = "<group>"; };
		8E8133EF1B101F2400C026D5 /* wrongneela.wav */ = {isa = PBXFileReference; lastKnownFileType = audio.wav; name = wrongneela.wav; path = Audio/wrongneela.wav; sourceTree = "<group>"; };
		8E8133F01B101F2400C026D5 /* wrongpeela.wav */ = {isa = PBXFileReference; lastKnownFileType = audio.wav; name = wrongpeela.wav; path = Audio/wrongpeela.wav; sourceTree = "<group>"; };
		8E8133F11B101F2400C026D5 /* wrongsafed.wav */ = {isa = PBXFileReference; lastKnownFileType = audio.wav; name = wrongsafed.wav; path = Audio/wrongsafed.wav; sourceTree = "<group>"; };
		8E81340E1B13E44100C026D5 /* GameData.h */ = {isa = PBXFileReference; fileEncoding = 4; lastKnownFileType = sourcecode.c.h; path = GameData.h; sourceTree = "<group>"; };
		8E81340F1B13E44100C026D5 /* GameData.m */ = {isa = PBXFileReference; fileEncoding = 4; lastKnownFileType = sourcecode.c.objc; path = GameData.m; sourceTree = "<group>"; };
		8E8134111B13F65A00C026D5 /* TrainViewState.h */ = {isa = PBXFileReference; lastKnownFileType = sourcecode.c.h; path = TrainViewState.h; sourceTree = "<group>"; };
		8E8134121B14DCC400C026D5 /* WordType.h */ = {isa = PBXFileReference; lastKnownFileType = sourcecode.c.h; path = WordType.h; sourceTree = "<group>"; };
/* End PBXFileReference section */

/* Begin PBXFrameworksBuildPhase section */
		8E3D07B51B05775D0077D7FD /* Frameworks */ = {
			isa = PBXFrameworksBuildPhase;
			buildActionMask = 2147483647;
			files = (
				8E5FCA811B0AB25000B54DA3 /* SpriteKit.framework in Frameworks */,
				8E3D07F91B0578700077D7FD /* SpeechKit.framework in Frameworks */,
				8E3D07FD1B0578820077D7FD /* Foundation.framework in Frameworks */,
				8E3D07F51B0578570077D7FD /* UIKit.framework in Frameworks */,
				8E3D07FF1B05788A0077D7FD /* CoreGraphics.framework in Frameworks */,
				8E3D08051B0578A60077D7FD /* AudioToolbox.framework in Frameworks */,
				8E3D07F71B0578610077D7FD /* SystemConfiguration.framework in Frameworks */,
				8E3D08031B05789F0077D7FD /* AVFoundation.framework in Frameworks */,
				8E3D07FB1B05787B0077D7FD /* Security.framework in Frameworks */,
				8E3D08011B0578970077D7FD /* CFNetwork.framework in Frameworks */,
			);
			runOnlyForDeploymentPostprocessing = 0;
		};
		8E3D07CE1B05775D0077D7FD /* Frameworks */ = {
			isa = PBXFrameworksBuildPhase;
			buildActionMask = 2147483647;
			files = (
			);
			runOnlyForDeploymentPostprocessing = 0;
		};
/* End PBXFrameworksBuildPhase section */

/* Begin PBXGroup section */
		8E3D07AF1B05775D0077D7FD = {
			isa = PBXGroup;
			children = (
				8E3D07F31B0578250077D7FD /* Frameworks */,
				8E3D07BA1B05775D0077D7FD /* OyeKiddoColorGame */,
				8E3D07D41B05775D0077D7FD /* OyeKiddoColorGameTests */,
				8E3D07B91B05775D0077D7FD /* Products */,
			);
			sourceTree = "<group>";
		};
		8E3D07B91B05775D0077D7FD /* Products */ = {
			isa = PBXGroup;
			children = (
				8E3D07B81B05775D0077D7FD /* OyeKiddoColorGame.app */,
				8E3D07D11B05775D0077D7FD /* OyeKiddoColorGameTests.xctest */,
			);
			name = Products;
			sourceTree = "<group>";
		};
		8E3D07BA1B05775D0077D7FD /* OyeKiddoColorGame */ = {
			isa = PBXGroup;
			children = (
				8E8133D81B10171E00C026D5 /* Audio */,
				8E3D07BF1B05775D0077D7FD /* AppDelegate.h */,
				8E3D07C01B05775D0077D7FD /* AppDelegate.m */,
				8E81340E1B13E44100C026D5 /* GameData.h */,
				8E81340F1B13E44100C026D5 /* GameData.m */,
				8E3D07C21B05775D0077D7FD /* ViewController.h */,
				8E3D07C31B05775D0077D7FD /* ViewController.m */,
				8E5FCA871B0B040400B54DA3 /* TrainViewController.h */,
				8E5FCA881B0B040400B54DA3 /* TrainViewController.m */,
				8E8134111B13F65A00C026D5 /* TrainViewState.h */,
				8E57BAC91B0BF1F700E1B96C /* PlayViewController.h */,
				8E57BACA1B0BF1F700E1B96C /* PlayViewController.m */,
				8E5FCA8A1B0B048600B54DA3 /* WordScene.h */,
				8E5FCA8B1B0B048600B54DA3 /* WordScene.m */,
				8E8134121B14DCC400C026D5 /* WordType.h */,
				8E57BACF1B0C095300E1B96C /* Word.h */,
				8E57BAD01B0C095300E1B96C /* Word.m */,
				8E3D07C51B05775D0077D7FD /* Main.storyboard */,
				8E3D07C81B05775D0077D7FD /* Images.xcassets */,
				8E3D07CA1B05775D0077D7FD /* LaunchScreen.xib */,
				8E3D07BB1B05775D0077D7FD /* Supporting Files */,
				8E6984A41B06C71200942049 /* OyeKiddoColorGame-Bridging-Header.h */,
			);
			path = OyeKiddoColorGame;
			sourceTree = "<group>";
		};
		8E3D07BB1B05775D0077D7FD /* Supporting Files */ = {
			isa = PBXGroup;
			children = (
				8E3D07BC1B05775D0077D7FD /* info.plist */,
				8E3D07BD1B05775D0077D7FD /* main.m */,
			);
			name = "Supporting Files";
			sourceTree = "<group>";
		};
		8E3D07D41B05775D0077D7FD /* OyeKiddoColorGameTests */ = {
			isa = PBXGroup;
			children = (
				8E3D07D71B05775D0077D7FD /* OyeKiddoColorGameTests.m */,
				8E3D07D51B05775D0077D7FD /* Supporting Files */,
			);
			path = OyeKiddoColorGameTests;
			sourceTree = "<group>";
		};
		8E3D07D51B05775D0077D7FD /* Supporting Files */ = {
			isa = PBXGroup;
			children = (
				8E3D07D61B05775D0077D7FD /* Info.plist */,
			);
			name = "Supporting Files";
			sourceTree = "<group>";
		};
		8E3D07F31B0578250077D7FD /* Frameworks */ = {
			isa = PBXGroup;
			children = (
				8E5FCA801B0AB25000B54DA3 /* SpriteKit.framework */,
				8E3D08041B0578A60077D7FD /* AudioToolbox.framework */,
				8E3D08021B05789F0077D7FD /* AVFoundation.framework */,
				8E3D08001B0578970077D7FD /* CFNetwork.framework */,
				8E3D07FE1B05788A0077D7FD /* CoreGraphics.framework */,
				8E3D07FC1B0578820077D7FD /* Foundation.framework */,
				8E3D07FA1B05787B0077D7FD /* Security.framework */,
				8E3D07F81B0578700077D7FD /* SpeechKit.framework */,
				8E3D07F61B0578610077D7FD /* SystemConfiguration.framework */,
				8E3D07F41B0578570077D7FD /* UIKit.framework */,
			);
			name = Frameworks;
			sourceTree = "<group>";
		};
		8E8133D81B10171E00C026D5 /* Audio */ = {
			isa = PBXGroup;
			children = (
				8E8133D91B101F2400C026D5 /* canYouTellMe.wav */,
				8E8133DA1B101F2400C026D5 /* canYouTellMe2.wav */,
				8E8133DB1B101F2400C026D5 /* didntgethara.wav */,
				8E8133DC1B101F2400C026D5 /* didntgetkala.wav */,
				8E8133DD1B101F2400C026D5 /* didntgetlaal.wav */,
				8E8133DE1B101F2400C026D5 /* didntgetneela.wav */,
				8E8133DF1B101F2400C026D5 /* didntgetpeela.wav */,
				8E8133E01B101F2400C026D5 /* didntgetsafed.wav */,
				8E8133E11B101F2400C026D5 /* hara.wav */,
				8E8133E21B101F2400C026D5 /* kala.wav */,
				8E8133E31B101F2400C026D5 /* kala2.wav */,
				8E8133E41B101F2400C026D5 /* laal.wav */,
				8E8133E51B101F2400C026D5 /* neela.wav */,
				8E8133E61B101F2400C026D5 /* peela2.wav */,
				8E8133E71B101F2400C026D5 /* right.wav */,
				8E8133E81B101F2400C026D5 /* right2.wav */,
				8E8133E91B101F2400C026D5 /* right3.wav */,
				8E8133EA1B101F2400C026D5 /* right4.wav */,
				8E8133EB1B101F2400C026D5 /* safed.wav */,
				8E8133EC1B101F2400C026D5 /* wronghara.wav */,
				8E8133ED1B101F2400C026D5 /* wrongkaala.wav */,
				8E8133EE1B101F2400C026D5 /* wronglaal.wav */,
				8E8133EF1B101F2400C026D5 /* wrongneela.wav */,
				8E8133F01B101F2400C026D5 /* wrongpeela.wav */,
				8E8133F11B101F2400C026D5 /* wrongsafed.wav */,
			);
			name = Audio;
			sourceTree = "<group>";
		};
/* End PBXGroup section */

/* Begin PBXNativeTarget section */
		8E3D07B71B05775D0077D7FD /* OyeKiddoColorGame */ = {
			isa = PBXNativeTarget;
			buildConfigurationList = 8E3D07DB1B05775D0077D7FD /* Build configuration list for PBXNativeTarget "OyeKiddoColorGame" */;
			buildPhases = (
				8E3D07B41B05775D0077D7FD /* Sources */,
				8E3D07B51B05775D0077D7FD /* Frameworks */,
				8E3D07B61B05775D0077D7FD /* Resources */,
			);
			buildRules = (
			);
			dependencies = (
			);
			name = OyeKiddoColorGame;
			productName = OyeKiddoColorGame;
			productReference = 8E3D07B81B05775D0077D7FD /* OyeKiddoColorGame.app */;
			productType = "com.apple.product-type.application";
		};
		8E3D07D01B05775D0077D7FD /* OyeKiddoColorGameTests */ = {
			isa = PBXNativeTarget;
			buildConfigurationList = 8E3D07DE1B05775D0077D7FD /* Build configuration list for PBXNativeTarget "OyeKiddoColorGameTests" */;
			buildPhases = (
				8E3D07CD1B05775D0077D7FD /* Sources */,
				8E3D07CE1B05775D0077D7FD /* Frameworks */,
				8E3D07CF1B05775D0077D7FD /* Resources */,
			);
			buildRules = (
			);
			dependencies = (
				8E3D07D31B05775D0077D7FD /* PBXTargetDependency */,
			);
			name = OyeKiddoColorGameTests;
			productName = OyeKiddoColorGameTests;
			productReference = 8E3D07D11B05775D0077D7FD /* OyeKiddoColorGameTests.xctest */;
			productType = "com.apple.product-type.bundle.unit-test";
		};
/* End PBXNativeTarget section */

/* Begin PBXProject section */
		8E3D07B01B05775D0077D7FD /* Project object */ = {
			isa = PBXProject;
			attributes = {
				LastUpgradeCheck = 0630;
				ORGANIZATIONNAME = GregoryOmi;
				TargetAttributes = {
					8E3D07B71B05775D0077D7FD = {
						CreatedOnToolsVersion = 6.3.1;
						DevelopmentTeam = 8J3N7724UD;
						SystemCapabilities = {
							com.apple.GameCenter = {
								enabled = 0;
							};
							com.apple.InAppPurchase = {
								enabled = 0;
							};
						};
					};
					8E3D07D01B05775D0077D7FD = {
						CreatedOnToolsVersion = 6.3.1;
						TestTargetID = 8E3D07B71B05775D0077D7FD;
					};
				};
			};
			buildConfigurationList = 8E3D07B31B05775D0077D7FD /* Build configuration list for PBXProject "OyeKiddoColorGame" */;
			compatibilityVersion = "Xcode 3.2";
			developmentRegion = English;
			hasScannedForEncodings = 0;
			knownRegions = (
				en,
				Base,
			);
			mainGroup = 8E3D07AF1B05775D0077D7FD;
			productRefGroup = 8E3D07B91B05775D0077D7FD /* Products */;
			projectDirPath = "";
			projectRoot = "";
			targets = (
				8E3D07B71B05775D0077D7FD /* OyeKiddoColorGame */,
				8E3D07D01B05775D0077D7FD /* OyeKiddoColorGameTests */,
			);
		};
/* End PBXProject section */

/* Begin PBXResourcesBuildPhase section */
		8E3D07B61B05775D0077D7FD /* Resources */ = {
			isa = PBXResourcesBuildPhase;
			buildActionMask = 2147483647;
			files = (
				8E8133FD1B101F2400C026D5 /* laal.wav in Resources */,
				8E8133FF1B101F2400C026D5 /* peela2.wav in Resources */,
				8E8133FA1B101F2400C026D5 /* hara.wav in Resources */,
				8E8134001B101F2400C026D5 /* right.wav in Resources */,
				8E8133F51B101F2400C026D5 /* didntgetkala.wav in Resources */,
				8E8134011B101F2400C026D5 /* right2.wav in Resources */,
				8E8133F61B101F2400C026D5 /* didntgetlaal.wav in Resources */,
				8E8134031B101F2400C026D5 /* right4.wav in Resources */,
				8E3D07C71B05775D0077D7FD /* Main.storyboard in Resources */,
				8E8134071B101F2400C026D5 /* wronglaal.wav in Resources */,
				8E8134061B101F2400C026D5 /* wrongkaala.wav in Resources */,
				8E3D07CC1B05775D0077D7FD /* LaunchScreen.xib in Resources */,
				8E8134041B101F2400C026D5 /* safed.wav in Resources */,
				8E8133F21B101F2400C026D5 /* canYouTellMe.wav in Resources */,
				8E81340A1B101F2400C026D5 /* wrongsafed.wav in Resources */,
				8E8134091B101F2400C026D5 /* wrongpeela.wav in Resources */,
				8E8133F31B101F2400C026D5 /* canYouTellMe2.wav in Resources */,
				8E3D07C91B05775D0077D7FD /* Images.xcassets in Resources */,
				8E8134081B101F2400C026D5 /* wrongneela.wav in Resources */,
				8E8133F81B101F2400C026D5 /* didntgetpeela.wav in Resources */,
				8E8133FE1B101F2400C026D5 /* neela.wav in Resources */,
				8E8133F91B101F2400C026D5 /* didntgetsafed.wav in Resources */,
				8E8133FC1B101F2400C026D5 /* kala2.wav in Resources */,
				8E8133FB1B101F2400C026D5 /* kala.wav in Resources */,
				8E8133F71B101F2400C026D5 /* didntgetneela.wav in Resources */,
				8E8133F41B101F2400C026D5 /* didntgethara.wav in Resources */,
				8E8134051B101F2400C026D5 /* wronghara.wav in Resources */,
				8E8134021B101F2400C026D5 /* right3.wav in Resources */,
			);
			runOnlyForDeploymentPostprocessing = 0;
		};
		8E3D07CF1B05775D0077D7FD /* Resources */ = {
			isa = PBXResourcesBuildPhase;
			buildActionMask = 2147483647;
			files = (
			);
			runOnlyForDeploymentPostprocessing = 0;
		};
/* End PBXResourcesBuildPhase section */

/* Begin PBXSourcesBuildPhase section */
		8E3D07B41B05775D0077D7FD /* Sources */ = {
			isa = PBXSourcesBuildPhase;
			buildActionMask = 2147483647;
			files = (
				8E8134101B13E44100C026D5 /* GameData.m in Sources */,
				8E3D07C41B05775D0077D7FD /* ViewController.m in Sources */,
				8E3D07C11B05775D0077D7FD /* AppDelegate.m in Sources */,
				8E5FCA891B0B040400B54DA3 /* TrainViewController.m in Sources */,
				8E3D07BE1B05775D0077D7FD /* main.m in Sources */,
				8E57BACB1B0BF1F700E1B96C /* PlayViewController.m in Sources */,
				8E5FCA8C1B0B048600B54DA3 /* WordScene.m in Sources */,
				8E57BAD11B0C095300E1B96C /* Word.m in Sources */,
			);
			runOnlyForDeploymentPostprocessing = 0;
		};
		8E3D07CD1B05775D0077D7FD /* Sources */ = {
			isa = PBXSourcesBuildPhase;
			buildActionMask = 2147483647;
			files = (
				8E3D07D81B05775D0077D7FD /* OyeKiddoColorGameTests.m in Sources */,
			);
			runOnlyForDeploymentPostprocessing = 0;
		};
/* End PBXSourcesBuildPhase section */

/* Begin PBXTargetDependency section */
		8E3D07D31B05775D0077D7FD /* PBXTargetDependency */ = {
			isa = PBXTargetDependency;
			target = 8E3D07B71B05775D0077D7FD /* OyeKiddoColorGame */;
			targetProxy = 8E3D07D21B05775D0077D7FD /* PBXContainerItemProxy */;
		};
/* End PBXTargetDependency section */

/* Begin PBXVariantGroup section */
		8E3D07C51B05775D0077D7FD /* Main.storyboard */ = {
			isa = PBXVariantGroup;
			children = (
				8E3D07C61B05775D0077D7FD /* Base */,
			);
			name = Main.storyboard;
			sourceTree = "<group>";
		};
		8E3D07CA1B05775D0077D7FD /* LaunchScreen.xib */ = {
			isa = PBXVariantGroup;
			children = (
				8E3D07CB1B05775D0077D7FD /* Base */,
			);
			name = LaunchScreen.xib;
			sourceTree = "<group>";
		};
/* End PBXVariantGroup section */

/* Begin XCBuildConfiguration section */
		8E3D07D91B05775D0077D7FD /* Debug */ = {
			isa = XCBuildConfiguration;
			buildSettings = {
				ALWAYS_SEARCH_USER_PATHS = NO;
				CLANG_CXX_LANGUAGE_STANDARD = "gnu++0x";
				CLANG_CXX_LIBRARY = "libc++";
				CLANG_ENABLE_MODULES = YES;
				CLANG_ENABLE_OBJC_ARC = YES;
				CLANG_WARN_BOOL_CONVERSION = YES;
				CLANG_WARN_CONSTANT_CONVERSION = YES;
				CLANG_WARN_DIRECT_OBJC_ISA_USAGE = YES_ERROR;
				CLANG_WARN_EMPTY_BODY = YES;
				CLANG_WARN_ENUM_CONVERSION = YES;
				CLANG_WARN_INT_CONVERSION = YES;
				CLANG_WARN_OBJC_ROOT_CLASS = YES_ERROR;
				CLANG_WARN_UNREACHABLE_CODE = YES;
				CLANG_WARN__DUPLICATE_METHOD_MATCH = YES;
				"CODE_SIGN_IDENTITY[sdk=iphoneos*]" = "iPhone Developer";
				COPY_PHASE_STRIP = NO;
				DEBUG_INFORMATION_FORMAT = "dwarf-with-dsym";
				DEFINES_MODULE = YES;
				ENABLE_STRICT_OBJC_MSGSEND = YES;
				GCC_C_LANGUAGE_STANDARD = gnu99;
				GCC_DYNAMIC_NO_PIC = NO;
				GCC_NO_COMMON_BLOCKS = YES;
				GCC_OPTIMIZATION_LEVEL = 0;
				GCC_PREPROCESSOR_DEFINITIONS = (
					"DEBUG=1",
					"$(inherited)",
				);
				GCC_SYMBOLS_PRIVATE_EXTERN = NO;
				GCC_WARN_64_TO_32_BIT_CONVERSION = YES;
				GCC_WARN_ABOUT_RETURN_TYPE = YES_ERROR;
				GCC_WARN_UNDECLARED_SELECTOR = YES;
				GCC_WARN_UNINITIALIZED_AUTOS = YES_AGGRESSIVE;
				GCC_WARN_UNUSED_FUNCTION = YES;
				GCC_WARN_UNUSED_VARIABLE = YES;
				IPHONEOS_DEPLOYMENT_TARGET = 8.3;
				MTL_ENABLE_DEBUG_INFO = YES;
				ONLY_ACTIVE_ARCH = YES;
				SDKROOT = iphoneos;
				TARGETED_DEVICE_FAMILY = "1,2";
			};
			name = Debug;
		};
		8E3D07DA1B05775D0077D7FD /* Release */ = {
			isa = XCBuildConfiguration;
			buildSettings = {
				ALWAYS_SEARCH_USER_PATHS = NO;
				CLANG_CXX_LANGUAGE_STANDARD = "gnu++0x";
				CLANG_CXX_LIBRARY = "libc++";
				CLANG_ENABLE_MODULES = YES;
				CLANG_ENABLE_OBJC_ARC = YES;
				CLANG_WARN_BOOL_CONVERSION = YES;
				CLANG_WARN_CONSTANT_CONVERSION = YES;
				CLANG_WARN_DIRECT_OBJC_ISA_USAGE = YES_ERROR;
				CLANG_WARN_EMPTY_BODY = YES;
				CLANG_WARN_ENUM_CONVERSION = YES;
				CLANG_WARN_INT_CONVERSION = YES;
				CLANG_WARN_OBJC_ROOT_CLASS = YES_ERROR;
				CLANG_WARN_UNREACHABLE_CODE = YES;
				CLANG_WARN__DUPLICATE_METHOD_MATCH = YES;
				"CODE_SIGN_IDENTITY[sdk=iphoneos*]" = "iPhone Developer";
				COPY_PHASE_STRIP = NO;
				DEBUG_INFORMATION_FORMAT = "dwarf-with-dsym";
				DEFINES_MODULE = YES;
				ENABLE_NS_ASSERTIONS = NO;
				ENABLE_STRICT_OBJC_MSGSEND = YES;
				GCC_C_LANGUAGE_STANDARD = gnu99;
				GCC_NO_COMMON_BLOCKS = YES;
				GCC_WARN_64_TO_32_BIT_CONVERSION = YES;
				GCC_WARN_ABOUT_RETURN_TYPE = YES_ERROR;
				GCC_WARN_UNDECLARED_SELECTOR = YES;
				GCC_WARN_UNINITIALIZED_AUTOS = YES_AGGRESSIVE;
				GCC_WARN_UNUSED_FUNCTION = YES;
				GCC_WARN_UNUSED_VARIABLE = YES;
				IPHONEOS_DEPLOYMENT_TARGET = 8.3;
				MTL_ENABLE_DEBUG_INFO = NO;
				SDKROOT = iphoneos;
				TARGETED_DEVICE_FAMILY = "1,2";
				VALIDATE_PRODUCT = YES;
			};
			name = Release;
		};
		8E3D07DC1B05775D0077D7FD /* Debug */ = {
			isa = XCBuildConfiguration;
			buildSettings = {
				ASSETCATALOG_COMPILER_APPICON_NAME = AppIcon;
				CLANG_ENABLE_MODULES = YES;
				CODE_SIGN_IDENTITY = "iPhone Developer";
				"CODE_SIGN_IDENTITY[sdk=iphoneos*]" = "iPhone Developer";
				FRAMEWORK_SEARCH_PATHS = (
					"$(inherited)",
					/Users/gregoryomi/dev/oyekiddo/play/DragonMobileSDK_1.4.14,
				);
				INFOPLIST_FILE = OyeKiddoColorGame/Info.plist;
				LD_RUNPATH_SEARCH_PATHS = "$(inherited) @executable_path/Frameworks";
				PRODUCT_NAME = "$(TARGET_NAME)";
				PROVISIONING_PROFILE = "";
				SWIFT_OBJC_BRIDGING_HEADER = "OyeKiddoColorGame/OyeKiddoColorGame-Bridging-Header.h";
				SWIFT_OPTIMIZATION_LEVEL = "-Onone";
			};
			name = Debug;
		};
		8E3D07DD1B05775D0077D7FD /* Release */ = {
			isa = XCBuildConfiguration;
			buildSettings = {
				ASSETCATALOG_COMPILER_APPICON_NAME = AppIcon;
				CLANG_ENABLE_MODULES = YES;
				CODE_SIGN_IDENTITY = "iPhone Developer";
				"CODE_SIGN_IDENTITY[sdk=iphoneos*]" = "iPhone Developer";
				FRAMEWORK_SEARCH_PATHS = (
					"$(inherited)",
					/Users/gregoryomi/dev/oyekiddo/play/DragonMobileSDK_1.4.14,
				);
				INFOPLIST_FILE = OyeKiddoColorGame/Info.plist;
				LD_RUNPATH_SEARCH_PATHS = "$(inherited) @executable_path/Frameworks";
				PRODUCT_NAME = "$(TARGET_NAME)";
				PROVISIONING_PROFILE = "";
				SWIFT_OBJC_BRIDGING_HEADER = "OyeKiddoColorGame/OyeKiddoColorGame-Bridging-Header.h";
			};
			name = Release;
		};
		8E3D07DF1B05775D0077D7FD /* Debug */ = {
			isa = XCBuildConfiguration;
			buildSettings = {
				BUNDLE_LOADER = "$(TEST_HOST)";
				FRAMEWORK_SEARCH_PATHS = (
					"$(SDKROOT)/Developer/Library/Frameworks",
					"$(inherited)",
				);
				GCC_PREPROCESSOR_DEFINITIONS = (
					"DEBUG=1",
					"$(inherited)",
				);
				INFOPLIST_FILE = OyeKiddoColorGameTests/Info.plist;
				LD_RUNPATH_SEARCH_PATHS = "$(inherited) @executable_path/Frameworks @loader_path/Frameworks";
				PRODUCT_NAME = "$(TARGET_NAME)";
				TEST_HOST = "$(BUILT_PRODUCTS_DIR)/OyeKiddoColorGame.app/OyeKiddoColorGame";
			};
			name = Debug;
		};
		8E3D07E01B05775D0077D7FD /* Release */ = {
			isa = XCBuildConfiguration;
			buildSettings = {
				BUNDLE_LOADER = "$(TEST_HOST)";
				FRAMEWORK_SEARCH_PATHS = (
					"$(SDKROOT)/Developer/Library/Frameworks",
					"$(inherited)",
				);
				INFOPLIST_FILE = OyeKiddoColorGameTests/Info.plist;
				LD_RUNPATH_SEARCH_PATHS = "$(inherited) @executable_path/Frameworks @loader_path/Frameworks";
				PRODUCT_NAME = "$(TARGET_NAME)";
				TEST_HOST = "$(BUILT_PRODUCTS_DIR)/OyeKiddoColorGame.app/OyeKiddoColorGame";
			};
			name = Release;
		};
/* End XCBuildConfiguration section */

/* Begin XCConfigurationList section */
		8E3D07B31B05775D0077D7FD /* Build configuration list for PBXProject "OyeKiddoColorGame" */ = {
			isa = XCConfigurationList;
			buildConfigurations = (
				8E3D07D91B05775D0077D7FD /* Debug */,
				8E3D07DA1B05775D0077D7FD /* Release */,
			);
			defaultConfigurationIsVisible = 0;
			defaultConfigurationName = Release;
		};
		8E3D07DB1B05775D0077D7FD /* Build configuration list for PBXNativeTarget "OyeKiddoColorGame" */ = {
			isa = XCConfigurationList;
			buildConfigurations = (
				8E3D07DC1B05775D0077D7FD /* Debug */,
				8E3D07DD1B05775D0077D7FD /* Release */,
			);
			defaultConfigurationIsVisible = 0;
			defaultConfigurationName = Release;
		};
		8E3D07DE1B05775D0077D7FD /* Build configuration list for PBXNativeTarget "OyeKiddoColorGameTests" */ = {
			isa = XCConfigurationList;
			buildConfigurations = (
				8E3D07DF1B05775D0077D7FD /* Debug */,
				8E3D07E01B05775D0077D7FD /* Release */,
			);
			defaultConfigurationIsVisible = 0;
			defaultConfigurationName = Release;
		};
/* End XCConfigurationList section */
	};
	rootObject = 8E3D07B01B05775D0077D7FD /* Project object */;
}
