// !$*UTF8*$!
{
	archiveVersion = 1;
	classes = {
	};
	objectVersion = 46;
	objects = {

/* Begin PBXBuildFile section */
		8E3D07BE1B05775D0077D7FD /* main.m in Sources */ = {isa = PBXBuildFile; fileRef = 8E3D07BD1B05775D0077D7FD /* main.m */; };
		8E3D07C11B05775D0077D7FD /* AppDelegate.m in Sources */ = {isa = PBXBuildFile; fileRef = 8E3D07C01B05775D0077D7FD /* AppDelegate.m */; };
		8E3D07C41B05775D0077D7FD /* ViewController.m in Sources */ = {isa = PBXBuildFile; fileRef = 8E3D07C31B05775D0077D7FD /* ViewController.m */; };
		8E3D07C71B05775D0077D7FD /* Main.storyboard in Resources */ = {isa = PBXBuildFile; fileRef = 8E3D07C51B05775D0077D7FD /* Main.storyboard */; };
		8E3D07C91B05775D0077D7FD /* Images.xcassets in Resources */ = {isa = PBXBuildFile; fileRef = 8E3D07C81B05775D0077D7FD /* Images.xcassets */; };
		8E3D07CC1B05775D0077D7FD /* LaunchScreen.xib in Resources */ = {isa = PBXBuildFile; fileRef = 8E3D07CA1B05775D0077D7FD /* LaunchScreen.xib */; };
		8E3D07D81B05775D0077D7FD /* OyeKiddoColorGameTests.m in Sources */ = {isa = PBXBuildFile; fileRef = 8E3D07D71B05775D0077D7FD /* OyeKiddoColorGameTests.m */; };
		8E3D07F51B0578570077D7FD /* UIKit.framework in Frameworks */ = {isa = PBXBuildFile; fileRef = 8E3D07F41B0578570077D7FD /* UIKit.framework */; };
		8E3D07F71B0578610077D7FD /* SystemConfiguration.framework in Frameworks */ = {isa = PBXBuildFile; fileRef = 8E3D07F61B0578610077D7FD /* SystemConfiguration.framework */; };
		8E3D07F91B0578700077D7FD /* SpeechKit.framework in Frameworks */ = {isa = PBXBuildFile; fileRef = 8E3D07F81B0578700077D7FD /* SpeechKit.framework */; };
		8E3D07FB1B05787B0077D7FD /* Security.framework in Frameworks */ = {isa = PBXBuildFile; fileRef = 8E3D07FA1B05787B0077D7FD /* Security.framework */; };
		8E3D07FD1B0578820077D7FD /* Foundation.framework in Frameworks */ = {isa = PBXBuildFile; fileRef = 8E3D07FC1B0578820077D7FD /* Foundation.framework */; };
		8E3D07FF1B05788A0077D7FD /* CoreGraphics.framework in Frameworks */ = {isa = PBXBuildFile; fileRef = 8E3D07FE1B05788A0077D7FD /* CoreGraphics.framework */; };
		8E3D08011B0578970077D7FD /* CFNetwork.framework in Frameworks */ = {isa = PBXBuildFile; fileRef = 8E3D08001B0578970077D7FD /* CFNetwork.framework */; };
		8E3D08031B05789F0077D7FD /* AVFoundation.framework in Frameworks */ = {isa = PBXBuildFile; fileRef = 8E3D08021B05789F0077D7FD /* AVFoundation.framework */; };
		8E3D08051B0578A60077D7FD /* AudioToolbox.framework in Frameworks */ = {isa = PBXBuildFile; fileRef = 8E3D08041B0578A60077D7FD /* AudioToolbox.framework */; };
		8E6984A61B06C71300942049 /* TrainViewController.swift in Sources */ = {isa = PBXBuildFile; fileRef = 8E6984A51B06C71300942049 /* TrainViewController.swift */; };
		8E6984A81B06C74100942049 /* PlayViewController.swift in Sources */ = {isa = PBXBuildFile; fileRef = 8E6984A71B06C74100942049 /* PlayViewController.swift */; };
		8E6984AE1B06FEBC00942049 /* PlayScene.swift in Sources */ = {isa = PBXBuildFile; fileRef = 8E6984AD1B06FEBC00942049 /* PlayScene.swift */; };
		8E6984B01B06FEFC00942049 /* TrainScene.swift in Sources */ = {isa = PBXBuildFile; fileRef = 8E6984AF1B06FEFC00942049 /* TrainScene.swift */; };
/* End PBXBuildFile section */

/* Begin PBXContainerItemProxy section */
		8E3D07D21B05775D0077D7FD /* PBXContainerItemProxy */ = {
			isa = PBXContainerItemProxy;
			containerPortal = 8E3D07B01B05775D0077D7FD /* Project object */;
			proxyType = 1;
			remoteGlobalIDString = 8E3D07B71B05775D0077D7FD;
			remoteInfo = OyeKiddoColorGame;
		};
/* End PBXContainerItemProxy section */

/* Begin PBXFileReference section */
		8E3D07B81B05775D0077D7FD /* OyeKiddoColorGame.app */ = {isa = PBXFileReference; explicitFileType = wrapper.application; includeInIndex = 0; path = OyeKiddoColorGame.app; sourceTree = BUILT_PRODUCTS_DIR; };
		8E3D07BC1B05775D0077D7FD /* Info.plist */ = {isa = PBXFileReference; lastKnownFileType = text.plist.xml; path = Info.plist; sourceTree = "<group>"; };
		8E3D07BD1B05775D0077D7FD /* main.m */ = {isa = PBXFileReference; lastKnownFileType = sourcecode.c.objc; path = main.m; sourceTree = "<group>"; };
		8E3D07BF1B05775D0077D7FD /* AppDelegate.h */ = {isa = PBXFileReference; lastKnownFileType = sourcecode.c.h; path = AppDelegate.h; sourceTree = "<group>"; };
		8E3D07C01B05775D0077D7FD /* AppDelegate.m */ = {isa = PBXFileReference; lastKnownFileType = sourcecode.c.objc; path = AppDelegate.m; sourceTree = "<group>"; };
		8E3D07C21B05775D0077D7FD /* ViewController.h */ = {isa = PBXFileReference; lastKnownFileType = sourcecode.c.h; path = ViewController.h; sourceTree = "<group>"; };
		8E3D07C31B05775D0077D7FD /* ViewController.m */ = {isa = PBXFileReference; lastKnownFileType = sourcecode.c.objc; path = ViewController.m; sourceTree = "<group>"; };
		8E3D07C61B05775D0077D7FD /* Base */ = {isa = PBXFileReference; lastKnownFileType = file.storyboard; name = Base; path = Base.lproj/Main.storyboard; sourceTree = "<group>"; };
		8E3D07C81B05775D0077D7FD /* Images.xcassets */ = {isa = PBXFileReference; lastKnownFileType = folder.assetcatalog; path = Images.xcassets; sourceTree = "<group>"; };
		8E3D07CB1B05775D0077D7FD /* Base */ = {isa = PBXFileReference; lastKnownFileType = file.xib; name = Base; path = Base.lproj/LaunchScreen.xib; sourceTree = "<group>"; };
		8E3D07D11B05775D0077D7FD /* OyeKiddoColorGameTests.xctest */ = {isa = PBXFileReference; explicitFileType = wrapper.cfbundle; includeInIndex = 0; path = OyeKiddoColorGameTests.xctest; sourceTree = BUILT_PRODUCTS_DIR; };
		8E3D07D61B05775D0077D7FD /* Info.plist */ = {isa = PBXFileReference; lastKnownFileType = text.plist.xml; path = Info.plist; sourceTree = "<group>"; };
		8E3D07D71B05775D0077D7FD /* OyeKiddoColorGameTests.m */ = {isa = PBXFileReference; lastKnownFileType = sourcecode.c.objc; path = OyeKiddoColorGameTests.m; sourceTree = "<group>"; };
		8E3D07F41B0578570077D7FD /* UIKit.framework */ = {isa = PBXFileReference; lastKnownFileType = wrapper.framework; name = UIKit.framework; path = System/Library/Frameworks/UIKit.framework; sourceTree = SDKROOT; };
		8E3D07F61B0578610077D7FD /* SystemConfiguration.framework */ = {isa = PBXFileReference; lastKnownFileType = wrapper.framework; name = SystemConfiguration.framework; path = System/Library/Frameworks/SystemConfiguration.framework; sourceTree = SDKROOT; };
		8E3D07F81B0578700077D7FD /* SpeechKit.framework */ = {isa = PBXFileReference; lastKnownFileType = wrapper.framework; name = SpeechKit.framework; path = ../DragonMobileSDK_1.4.14/SpeechKit.framework; sourceTree = "<group>"; };
		8E3D07FA1B05787B0077D7FD /* Security.framework */ = {isa = PBXFileReference; lastKnownFileType = wrapper.framework; name = Security.framework; path = System/Library/Frameworks/Security.framework; sourceTree = SDKROOT; };
		8E3D07FC1B0578820077D7FD /* Foundation.framework */ = {isa = PBXFileReference; lastKnownFileType = wrapper.framework; name = Foundation.framework; path = System/Library/Frameworks/Foundation.framework; sourceTree = SDKROOT; };
		8E3D07FE1B05788A0077D7FD /* CoreGraphics.framework */ = {isa = PBXFileReference; lastKnownFileType = wrapper.framework; name = CoreGraphics.framework; path = System/Library/Frameworks/CoreGraphics.framework; sourceTree = SDKROOT; };
		8E3D08001B0578970077D7FD /* CFNetwork.framework */ = {isa = PBXFileReference; lastKnownFileType = wrapper.framework; name = CFNetwork.framework; path = System/Library/Frameworks/CFNetwork.framework; sourceTree = SDKROOT; };
		8E3D08021B05789F0077D7FD /* AVFoundation.framework */ = {isa = PBXFileReference; lastKnownFileType = wrapper.framework; name = AVFoundation.framework; path = System/Library/Frameworks/AVFoundation.framework; sourceTree = SDKROOT; };
		8E3D08041B0578A60077D7FD /* AudioToolbox.framework */ = {isa = PBXFileReference; lastKnownFileType = wrapper.framework; name = AudioToolbox.framework; path = System/Library/Frameworks/AudioToolbox.framework; sourceTree = SDKROOT; };
		8E6984A41B06C71200942049 /* OyeKiddoColorGame-Bridging-Header.h */ = {isa = PBXFileReference; lastKnownFileType = sourcecode.c.h; path = "OyeKiddoColorGame-Bridging-Header.h"; sourceTree = "<group>"; };
		8E6984A51B06C71300942049 /* TrainViewController.swift */ = {isa = PBXFileReference; fileEncoding = 4; lastKnownFileType = sourcecode.swift; path = TrainViewController.swift; sourceTree = "<group>"; };
		8E6984A71B06C74100942049 /* PlayViewController.swift */ = {isa = PBXFileReference; fileEncoding = 4; lastKnownFileType = sourcecode.swift; path = PlayViewController.swift; sourceTree = "<group>"; };
		8E6984AD1B06FEBC00942049 /* PlayScene.swift */ = {isa = PBXFileReference; fileEncoding = 4; lastKnownFileType = sourcecode.swift; path = PlayScene.swift; sourceTree = "<group>"; };
		8E6984AF1B06FEFC00942049 /* TrainScene.swift */ = {isa = PBXFileReference; fileEncoding = 4; lastKnownFileType = sourcecode.swift; path = TrainScene.swift; sourceTree = "<group>"; };
/* End PBXFileReference section */

/* Begin PBXFrameworksBuildPhase section */
		8E3D07B51B05775D0077D7FD /* Frameworks */ = {
			isa = PBXFrameworksBuildPhase;
			buildActionMask = 2147483647;
			files = (
				8E3D07F91B0578700077D7FD /* SpeechKit.framework in Frameworks */,
				8E3D07FD1B0578820077D7FD /* Foundation.framework in Frameworks */,
				8E3D07F51B0578570077D7FD /* UIKit.framework in Frameworks */,
				8E3D07FF1B05788A0077D7FD /* CoreGraphics.framework in Frameworks */,
				8E3D08051B0578A60077D7FD /* AudioToolbox.framework in Frameworks */,
				8E3D07F71B0578610077D7FD /* SystemConfiguration.framework in Frameworks */,
				8E3D08031B05789F0077D7FD /* AVFoundation.framework in Frameworks */,
				8E3D07FB1B05787B0077D7FD /* Security.framework in Frameworks */,
				8E3D08011B0578970077D7FD /* CFNetwork.framework in Frameworks */,
			);
			runOnlyForDeploymentPostprocessing = 0;
		};
		8E3D07CE1B05775D0077D7FD /* Frameworks */ = {
			isa = PBXFrameworksBuildPhase;
			buildActionMask = 2147483647;
			files = (
			);
			runOnlyForDeploymentPostprocessing = 0;
		};
/* End PBXFrameworksBuildPhase section */

/* Begin PBXGroup section */
		8E3D07AF1B05775D0077D7FD = {
			isa = PBXGroup;
			children = (
				8E3D07F31B0578250077D7FD /* Frameworks */,
				8E3D07BA1B05775D0077D7FD /* OyeKiddoColorGame */,
				8E3D07D41B05775D0077D7FD /* OyeKiddoColorGameTests */,
				8E3D07B91B05775D0077D7FD /* Products */,
			);
			sourceTree = "<group>";
		};
		8E3D07B91B05775D0077D7FD /* Products */ = {
			isa = PBXGroup;
			children = (
				8E3D07B81B05775D0077D7FD /* OyeKiddoColorGame.app */,
				8E3D07D11B05775D0077D7FD /* OyeKiddoColorGameTests.xctest */,
			);
			name = Products;
			sourceTree = "<group>";
		};
		8E3D07BA1B05775D0077D7FD /* OyeKiddoColorGame */ = {
			isa = PBXGroup;
			children = (
				8E3D07BF1B05775D0077D7FD /* AppDelegate.h */,
				8E3D07C01B05775D0077D7FD /* AppDelegate.m */,
				8E3D07C21B05775D0077D7FD /* ViewController.h */,
				8E3D07C31B05775D0077D7FD /* ViewController.m */,
				8E6984AF1B06FEFC00942049 /* TrainScene.swift */,
				8E6984A51B06C71300942049 /* TrainViewController.swift */,
				8E6984AD1B06FEBC00942049 /* PlayScene.swift */,
				8E6984A71B06C74100942049 /* PlayViewController.swift */,
				8E3D07C51B05775D0077D7FD /* Main.storyboard */,
				8E3D07C81B05775D0077D7FD /* Images.xcassets */,
				8E3D07CA1B05775D0077D7FD /* LaunchScreen.xib */,
				8E3D07BB1B05775D0077D7FD /* Supporting Files */,
				8E6984A41B06C71200942049 /* OyeKiddoColorGame-Bridging-Header.h */,
			);
			path = OyeKiddoColorGame;
			sourceTree = "<group>";
		};
		8E3D07BB1B05775D0077D7FD /* Supporting Files */ = {
			isa = PBXGroup;
			children = (
				8E3D07BC1B05775D0077D7FD /* Info.plist */,
				8E3D07BD1B05775D0077D7FD /* main.m */,
			);
			name = "Supporting Files";
			sourceTree = "<group>";
		};
		8E3D07D41B05775D0077D7FD /* OyeKiddoColorGameTests */ = {
			isa = PBXGroup;
			children = (
				8E3D07D71B05775D0077D7FD /* OyeKiddoColorGameTests.m */,
				8E3D07D51B05775D0077D7FD /* Supporting Files */,
			);
			path = OyeKiddoColorGameTests;
			sourceTree = "<group>";
		};
		8E3D07D51B05775D0077D7FD /* Supporting Files */ = {
			isa = PBXGroup;
			children = (
				8E3D07D61B05775D0077D7FD /* Info.plist */,
			);
			name = "Supporting Files";
			sourceTree = "<group>";
		};
		8E3D07F31B0578250077D7FD /* Frameworks */ = {
			isa = PBXGroup;
			children = (
				8E3D08041B0578A60077D7FD /* AudioToolbox.framework */,
				8E3D08021B05789F0077D7FD /* AVFoundation.framework */,
				8E3D08001B0578970077D7FD /* CFNetwork.framework */,
				8E3D07FE1B05788A0077D7FD /* CoreGraphics.framework */,
				8E3D07FC1B0578820077D7FD /* Foundation.framework */,
				8E3D07FA1B05787B0077D7FD /* Security.framework */,
				8E3D07F81B0578700077D7FD /* SpeechKit.framework */,
				8E3D07F61B0578610077D7FD /* SystemConfiguration.framework */,
				8E3D07F41B0578570077D7FD /* UIKit.framework */,
			);
			name = Frameworks;
			sourceTree = "<group>";
		};
/* End PBXGroup section */

/* Begin PBXNativeTarget section */
		8E3D07B71B05775D0077D7FD /* OyeKiddoColorGame */ = {
			isa = PBXNativeTarget;
			buildConfigurationList = 8E3D07DB1B05775D0077D7FD /* Build configuration list for PBXNativeTarget "OyeKiddoColorGame" */;
			buildPhases = (
				8E3D07B41B05775D0077D7FD /* Sources */,
				8E3D07B51B05775D0077D7FD /* Frameworks */,
				8E3D07B61B05775D0077D7FD /* Resources */,
			);
			buildRules = (
			);
			dependencies = (
			);
			name = OyeKiddoColorGame;
			productName = OyeKiddoColorGame;
			productReference = 8E3D07B81B05775D0077D7FD /* OyeKiddoColorGame.app */;
			productType = "com.apple.product-type.application";
		};
		8E3D07D01B05775D0077D7FD /* OyeKiddoColorGameTests */ = {
			isa = PBXNativeTarget;
			buildConfigurationList = 8E3D07DE1B05775D0077D7FD /* Build configuration list for PBXNativeTarget "OyeKiddoColorGameTests" */;
			buildPhases = (
				8E3D07CD1B05775D0077D7FD /* Sources */,
				8E3D07CE1B05775D0077D7FD /* Frameworks */,
				8E3D07CF1B05775D0077D7FD /* Resources */,
			);
			buildRules = (
			);
			dependencies = (
				8E3D07D31B05775D0077D7FD /* PBXTargetDependency */,
			);
			name = OyeKiddoColorGameTests;
			productName = OyeKiddoColorGameTests;
			productReference = 8E3D07D11B05775D0077D7FD /* OyeKiddoColorGameTests.xctest */;
			productType = "com.apple.product-type.bundle.unit-test";
		};
/* End PBXNativeTarget section */

/* Begin PBXProject section */
		8E3D07B01B05775D0077D7FD /* Project object */ = {
			isa = PBXProject;
			attributes = {
				LastUpgradeCheck = 0630;
				ORGANIZATIONNAME = GregoryOmi;
				TargetAttributes = {
					8E3D07B71B05775D0077D7FD = {
						CreatedOnToolsVersion = 6.3.1;
					};
					8E3D07D01B05775D0077D7FD = {
						CreatedOnToolsVersion = 6.3.1;
						TestTargetID = 8E3D07B71B05775D0077D7FD;
					};
				};
			};
			buildConfigurationList = 8E3D07B31B05775D0077D7FD /* Build configuration list for PBXProject "OyeKiddoColorGame" */;
			compatibilityVersion = "Xcode 3.2";
			developmentRegion = English;
			hasScannedForEncodings = 0;
			knownRegions = (
				en,
				Base,
			);
			mainGroup = 8E3D07AF1B05775D0077D7FD;
			productRefGroup = 8E3D07B91B05775D0077D7FD /* Products */;
			projectDirPath = "";
			projectRoot = "";
			targets = (
				8E3D07B71B05775D0077D7FD /* OyeKiddoColorGame */,
				8E3D07D01B05775D0077D7FD /* OyeKiddoColorGameTests */,
			);
		};
/* End PBXProject section */

/* Begin PBXResourcesBuildPhase section */
		8E3D07B61B05775D0077D7FD /* Resources */ = {
			isa = PBXResourcesBuildPhase;
			buildActionMask = 2147483647;
			files = (
				8E3D07C71B05775D0077D7FD /* Main.storyboard in Resources */,
				8E3D07CC1B05775D0077D7FD /* LaunchScreen.xib in Resources */,
				8E3D07C91B05775D0077D7FD /* Images.xcassets in Resources */,
			);
			runOnlyForDeploymentPostprocessing = 0;
		};
		8E3D07CF1B05775D0077D7FD /* Resources */ = {
			isa = PBXResourcesBuildPhase;
			buildActionMask = 2147483647;
			files = (
			);
			runOnlyForDeploymentPostprocessing = 0;
		};
/* End PBXResourcesBuildPhase section */

/* Begin PBXSourcesBuildPhase section */
		8E3D07B41B05775D0077D7FD /* Sources */ = {
			isa = PBXSourcesBuildPhase;
			buildActionMask = 2147483647;
			files = (
				8E3D07C41B05775D0077D7FD /* ViewController.m in Sources */,
				8E6984B01B06FEFC00942049 /* TrainScene.swift in Sources */,
				8E6984A81B06C74100942049 /* PlayViewController.swift in Sources */,
				8E6984A61B06C71300942049 /* TrainViewController.swift in Sources */,
				8E3D07C11B05775D0077D7FD /* AppDelegate.m in Sources */,
				8E6984AE1B06FEBC00942049 /* PlayScene.swift in Sources */,
				8E3D07BE1B05775D0077D7FD /* main.m in Sources */,
			);
			runOnlyForDeploymentPostprocessing = 0;
		};
		8E3D07CD1B05775D0077D7FD /* Sources */ = {
			isa = PBXSourcesBuildPhase;
			buildActionMask = 2147483647;
			files = (
				8E3D07D81B05775D0077D7FD /* OyeKiddoColorGameTests.m in Sources */,
			);
			runOnlyForDeploymentPostprocessing = 0;
		};
/* End PBXSourcesBuildPhase section */

/* Begin PBXTargetDependency section */
		8E3D07D31B05775D0077D7FD /* PBXTargetDependency */ = {
			isa = PBXTargetDependency;
			target = 8E3D07B71B05775D0077D7FD /* OyeKiddoColorGame */;
			targetProxy = 8E3D07D21B05775D0077D7FD /* PBXContainerItemProxy */;
		};
/* End PBXTargetDependency section */

/* Begin PBXVariantGroup section */
		8E3D07C51B05775D0077D7FD /* Main.storyboard */ = {
			isa = PBXVariantGroup;
			children = (
				8E3D07C61B05775D0077D7FD /* Base */,
			);
			name = Main.storyboard;
			sourceTree = "<group>";
		};
		8E3D07CA1B05775D0077D7FD /* LaunchScreen.xib */ = {
			isa = PBXVariantGroup;
			children = (
				8E3D07CB1B05775D0077D7FD /* Base */,
			);
			name = LaunchScreen.xib;
			sourceTree = "<group>";
		};
/* End PBXVariantGroup section */

/* Begin XCBuildConfiguration section */
		8E3D07D91B05775D0077D7FD /* Debug */ = {
			isa = XCBuildConfiguration;
			buildSettings = {
				ALWAYS_SEARCH_USER_PATHS = NO;
				CLANG_CXX_LANGUAGE_STANDARD = "gnu++0x";
				CLANG_CXX_LIBRARY = "libc++";
				CLANG_ENABLE_MODULES = YES;
				CLANG_ENABLE_OBJC_ARC = YES;
				CLANG_WARN_BOOL_CONVERSION = YES;
				CLANG_WARN_CONSTANT_CONVERSION = YES;
				CLANG_WARN_DIRECT_OBJC_ISA_USAGE = YES_ERROR;
				CLANG_WARN_EMPTY_BODY = YES;
				CLANG_WARN_ENUM_CONVERSION = YES;
				CLANG_WARN_INT_CONVERSION = YES;
				CLANG_WARN_OBJC_ROOT_CLASS = YES_ERROR;
				CLANG_WARN_UNREACHABLE_CODE = YES;
				CLANG_WARN__DUPLICATE_METHOD_MATCH = YES;
				"CODE_SIGN_IDENTITY[sdk=iphoneos*]" = "iPhone Developer";
				COPY_PHASE_STRIP = NO;
				DEBUG_INFORMATION_FORMAT = "dwarf-with-dsym";
				ENABLE_STRICT_OBJC_MSGSEND = YES;
				GCC_C_LANGUAGE_STANDARD = gnu99;
				GCC_DYNAMIC_NO_PIC = NO;
				GCC_NO_COMMON_BLOCKS = YES;
				GCC_OPTIMIZATION_LEVEL = 0;
				GCC_PREPROCESSOR_DEFINITIONS = (
					"DEBUG=1",
					"$(inherited)",
				);
				GCC_SYMBOLS_PRIVATE_EXTERN = NO;
				GCC_WARN_64_TO_32_BIT_CONVERSION = YES;
				GCC_WARN_ABOUT_RETURN_TYPE = YES_ERROR;
				GCC_WARN_UNDECLARED_SELECTOR = YES;
				GCC_WARN_UNINITIALIZED_AUTOS = YES_AGGRESSIVE;
				GCC_WARN_UNUSED_FUNCTION = YES;
				GCC_WARN_UNUSED_VARIABLE = YES;
				IPHONEOS_DEPLOYMENT_TARGET = 8.3;
				MTL_ENABLE_DEBUG_INFO = YES;
				ONLY_ACTIVE_ARCH = YES;
				SDKROOT = iphoneos;
				TARGETED_DEVICE_FAMILY = "1,2";
			};
			name = Debug;
		};
		8E3D07DA1B05775D0077D7FD /* Release */ = {
			isa = XCBuildConfiguration;
			buildSettings = {
				ALWAYS_SEARCH_USER_PATHS = NO;
				CLANG_CXX_LANGUAGE_STANDARD = "gnu++0x";
				CLANG_CXX_LIBRARY = "libc++";
				CLANG_ENABLE_MODULES = YES;
				CLANG_ENABLE_OBJC_ARC = YES;
				CLANG_WARN_BOOL_CONVERSION = YES;
				CLANG_WARN_CONSTANT_CONVERSION = YES;
				CLANG_WARN_DIRECT_OBJC_ISA_USAGE = YES_ERROR;
				CLANG_WARN_EMPTY_BODY = YES;
				CLANG_WARN_ENUM_CONVERSION = YES;
				CLANG_WARN_INT_CONVERSION = YES;
				CLANG_WARN_OBJC_ROOT_CLASS = YES_ERROR;
				CLANG_WARN_UNREACHABLE_CODE = YES;
				CLANG_WARN__DUPLICATE_METHOD_MATCH = YES;
				"CODE_SIGN_IDENTITY[sdk=iphoneos*]" = "iPhone Developer";
				COPY_PHASE_STRIP = NO;
				DEBUG_INFORMATION_FORMAT = "dwarf-with-dsym";
				ENABLE_NS_ASSERTIONS = NO;
				ENABLE_STRICT_OBJC_MSGSEND = YES;
				GCC_C_LANGUAGE_STANDARD = gnu99;
				GCC_NO_COMMON_BLOCKS = YES;
				GCC_WARN_64_TO_32_BIT_CONVERSION = YES;
				GCC_WARN_ABOUT_RETURN_TYPE = YES_ERROR;
				GCC_WARN_UNDECLARED_SELECTOR = YES;
				GCC_WARN_UNINITIALIZED_AUTOS = YES_AGGRESSIVE;
				GCC_WARN_UNUSED_FUNCTION = YES;
				GCC_WARN_UNUSED_VARIABLE = YES;
				IPHONEOS_DEPLOYMENT_TARGET = 8.3;
				MTL_ENABLE_DEBUG_INFO = NO;
				SDKROOT = iphoneos;
				TARGETED_DEVICE_FAMILY = "1,2";
				VALIDATE_PRODUCT = YES;
			};
			name = Release;
		};
		8E3D07DC1B05775D0077D7FD /* Debug */ = {
			isa = XCBuildConfiguration;
			buildSettings = {
				ASSETCATALOG_COMPILER_APPICON_NAME = AppIcon;
				CLANG_ENABLE_MODULES = YES;
				FRAMEWORK_SEARCH_PATHS = (
					"$(inherited)",
					/Users/gregoryomi/dev/oyekiddo/play/DragonMobileSDK_1.4.14,
				);
				INFOPLIST_FILE = OyeKiddoColorGame/Info.plist;
				LD_RUNPATH_SEARCH_PATHS = "$(inherited) @executable_path/Frameworks";
				PRODUCT_NAME = "$(TARGET_NAME)";
				SWIFT_OBJC_BRIDGING_HEADER = "OyeKiddoColorGame/OyeKiddoColorGame-Bridging-Header.h";
				SWIFT_OPTIMIZATION_LEVEL = "-Onone";
			};
			name = Debug;
		};
		8E3D07DD1B05775D0077D7FD /* Release */ = {
			isa = XCBuildConfiguration;
			buildSettings = {
				ASSETCATALOG_COMPILER_APPICON_NAME = AppIcon;
				CLANG_ENABLE_MODULES = YES;
				FRAMEWORK_SEARCH_PATHS = (
					"$(inherited)",
					/Users/gregoryomi/dev/oyekiddo/play/DragonMobileSDK_1.4.14,
				);
				INFOPLIST_FILE = OyeKiddoColorGame/Info.plist;
				LD_RUNPATH_SEARCH_PATHS = "$(inherited) @executable_path/Frameworks";
				PRODUCT_NAME = "$(TARGET_NAME)";
				SWIFT_OBJC_BRIDGING_HEADER = "OyeKiddoColorGame/OyeKiddoColorGame-Bridging-Header.h";
			};
			name = Release;
		};
		8E3D07DF1B05775D0077D7FD /* Debug */ = {
			isa = XCBuildConfiguration;
			buildSettings = {
				BUNDLE_LOADER = "$(TEST_HOST)";
				FRAMEWORK_SEARCH_PATHS = (
					"$(SDKROOT)/Developer/Library/Frameworks",
					"$(inherited)",
				);
				GCC_PREPROCESSOR_DEFINITIONS = (
					"DEBUG=1",
					"$(inherited)",
				);
				INFOPLIST_FILE = OyeKiddoColorGameTests/Info.plist;
				LD_RUNPATH_SEARCH_PATHS = "$(inherited) @executable_path/Frameworks @loader_path/Frameworks";
				PRODUCT_NAME = "$(TARGET_NAME)";
				TEST_HOST = "$(BUILT_PRODUCTS_DIR)/OyeKiddoColorGame.app/OyeKiddoColorGame";
			};
			name = Debug;
		};
		8E3D07E01B05775D0077D7FD /* Release */ = {
			isa = XCBuildConfiguration;
			buildSettings = {
				BUNDLE_LOADER = "$(TEST_HOST)";
				FRAMEWORK_SEARCH_PATHS = (
					"$(SDKROOT)/Developer/Library/Frameworks",
					"$(inherited)",
				);
				INFOPLIST_FILE = OyeKiddoColorGameTests/Info.plist;
				LD_RUNPATH_SEARCH_PATHS = "$(inherited) @executable_path/Frameworks @loader_path/Frameworks";
				PRODUCT_NAME = "$(TARGET_NAME)";
				TEST_HOST = "$(BUILT_PRODUCTS_DIR)/OyeKiddoColorGame.app/OyeKiddoColorGame";
			};
			name = Release;
		};
/* End XCBuildConfiguration section */

/* Begin XCConfigurationList section */
		8E3D07B31B05775D0077D7FD /* Build configuration list for PBXProject "OyeKiddoColorGame" */ = {
			isa = XCConfigurationList;
			buildConfigurations = (
				8E3D07D91B05775D0077D7FD /* Debug */,
				8E3D07DA1B05775D0077D7FD /* Release */,
			);
			defaultConfigurationIsVisible = 0;
			defaultConfigurationName = Release;
		};
		8E3D07DB1B05775D0077D7FD /* Build configuration list for PBXNativeTarget "OyeKiddoColorGame" */ = {
			isa = XCConfigurationList;
			buildConfigurations = (
				8E3D07DC1B05775D0077D7FD /* Debug */,
				8E3D07DD1B05775D0077D7FD /* Release */,
			);
			defaultConfigurationIsVisible = 0;
			defaultConfigurationName = Release;
		};
		8E3D07DE1B05775D0077D7FD /* Build configuration list for PBXNativeTarget "OyeKiddoColorGameTests" */ = {
			isa = XCConfigurationList;
			buildConfigurations = (
				8E3D07DF1B05775D0077D7FD /* Debug */,
				8E3D07E01B05775D0077D7FD /* Release */,
			);
			defaultConfigurationIsVisible = 0;
			defaultConfigurationName = Release;
		};
/* End XCConfigurationList section */
	};
	rootObject = 8E3D07B01B05775D0077D7FD /* Project object */;
}
